
Microsoft Visual Studio Solution File, Format Version 12.00
# Visual Studio Version 17
VisualStudioVersion = 17.6.33815.320
MinimumVisualStudioVersion = 10.0.40219.1
Project("{FAE04EC0-301F-11D3-BF4B-00C04F79EFBC}") = "LastDayInKhuMuang", "LastDayInKhuMuang\LastDayInKhuMuang.csproj", "{5A42B29F-A3B8-49F1-9BDC-F614DFEEBCE3}"
EndProject
Global
	GlobalSection(SolutionConfigurationPlatforms) = preSolution
		Debug|Any CPU = Debug|Any CPU
		Release|Any CPU = Release|Any CPU
	EndGlobalSection
	GlobalSection(ProjectConfigurationPlatforms) = postSolution
		{5A42B29F-A3B8-49F1-9BDC-F614DFEEBCE3}.Debug|Any CPU.ActiveCfg = Debug|Any CPU
		{5A42B29F-A3B8-49F1-9BDC-F614DFEEBCE3}.Debug|Any CPU.Build.0 = Debug|Any CPU
		{5A42B29F-A3B8-49F1-9BDC-F614DFEEBCE3}.Release|Any CPU.ActiveCfg = Release|Any CPU
		{5A42B29F-A3B8-49F1-9BDC-F614DFEEBCE3}.Release|Any CPU.Build.0 = Release|Any CPU
	EndGlobalSection
	GlobalSection(SolutionProperties) = preSolution
		HideSolutionNode = FALSE
	EndGlobalSection
	GlobalSection(ExtensibilityGlobals) = postSolution
		SolutionGuid = {630E34B3-544F-4276-8227-5E1BE1D62429}
	EndGlobalSection
EndGlobal
